
Microsoft Visual Studio Solution File, Format Version 12.00
# Visual Studio 15
VisualStudioVersion = 15.0.26228.4
MinimumVisualStudioVersion = 10.0.40219.1
Project("{FAE04EC0-301F-11D3-BF4B-00C04F79EFBC}") = "Blog.Web", "Blog.Web\Blog.Web.csproj", "{140D209B-8CF0-49F6-8725-FEADBE55C662}"
EndProject
Project("{FAE04EC0-301F-11D3-BF4B-00C04F79EFBC}") = "Blog.Data", "Blog.Data\Blog.Data.csproj", "{2F34B6C8-E319-433A-9CA3-7AB144E749D8}"
EndProject
Project("{FAE04EC0-301F-11D3-BF4B-00C04F79EFBC}") = "Blog.Entity", "Blog.Entity\Blog.Entity.csproj", "{E9CA1D47-944B-44C3-A751-4840551346A6}"
EndProject
Project("{FAE04EC0-301F-11D3-BF4B-00C04F79EFBC}") = "Blog.Test", "Blog.Test\Blog.Test.csproj", "{244C144C-B46F-4A49-A7B7-8797EF5BADB8}"
EndProject
Global
	GlobalSection(SolutionConfigurationPlatforms) = preSolution
		Debug|Any CPU = Debug|Any CPU
		Release|Any CPU = Release|Any CPU
	EndGlobalSection
	GlobalSection(ProjectConfigurationPlatforms) = postSolution
		{140D209B-8CF0-49F6-8725-FEADBE55C662}.Debug|Any CPU.ActiveCfg = Debug|Any CPU
		{140D209B-8CF0-49F6-8725-FEADBE55C662}.Debug|Any CPU.Build.0 = Debug|Any CPU
		{140D209B-8CF0-49F6-8725-FEADBE55C662}.Release|Any CPU.ActiveCfg = Release|Any CPU
		{140D209B-8CF0-49F6-8725-FEADBE55C662}.Release|Any CPU.Build.0 = Release|Any CPU
		{2F34B6C8-E319-433A-9CA3-7AB144E749D8}.Debug|Any CPU.ActiveCfg = Debug|Any CPU
		{2F34B6C8-E319-433A-9CA3-7AB144E749D8}.Debug|Any CPU.Build.0 = Debug|Any CPU
		{2F34B6C8-E319-433A-9CA3-7AB144E749D8}.Release|Any CPU.ActiveCfg = Release|Any CPU
		{2F34B6C8-E319-433A-9CA3-7AB144E749D8}.Release|Any CPU.Build.0 = Release|Any CPU
		{E9CA1D47-944B-44C3-A751-4840551346A6}.Debug|Any CPU.ActiveCfg = Debug|Any CPU
		{E9CA1D47-944B-44C3-A751-4840551346A6}.Debug|Any CPU.Build.0 = Debug|Any CPU
		{E9CA1D47-944B-44C3-A751-4840551346A6}.Release|Any CPU.ActiveCfg = Release|Any CPU
		{E9CA1D47-944B-44C3-A751-4840551346A6}.Release|Any CPU.Build.0 = Release|Any CPU
		{244C144C-B46F-4A49-A7B7-8797EF5BADB8}.Debug|Any CPU.ActiveCfg = Debug|Any CPU
		{244C144C-B46F-4A49-A7B7-8797EF5BADB8}.Debug|Any CPU.Build.0 = Debug|Any CPU
		{244C144C-B46F-4A49-A7B7-8797EF5BADB8}.Release|Any CPU.ActiveCfg = Release|Any CPU
		{244C144C-B46F-4A49-A7B7-8797EF5BADB8}.Release|Any CPU.Build.0 = Release|Any CPU
	EndGlobalSection
	GlobalSection(SolutionProperties) = preSolution
		HideSolutionNode = FALSE
	EndGlobalSection
EndGlobal
